{
  "version": 1,
  "format": "JSON-compatible YAML 1.2",
  "notes": "Checksums pin inspected acquisition snapshots, not approved analytical inputs. Historical URLs discovered from the official RDF catalogue. Dynamic metadata changes fail checksum verification and require review. See docs/SOURCE_AUDIT.md for remaining production gates.",
  "sources": [
    {
      "id": "padron_historical_catalogue",
      "url": "https://datos.madrid.es/dataset/209163-0-padron-municipal-historico.rdf",
      "kind": "xml",
      "sha256": "a78469cb003eecae921885ae2451624d03fbf167e504f6e91be601a8a2987565",
      "snapshot_retrieved_at": "2026-10-02T09:33:46.510580+00:00",
      "approval_scope": "acquisition_snapshot_only",
      "bytes": 505519,
      "reviewed_by": "Codex acquisition inspection, 2026-10-02; not an analytical release approval",
      "license": null,
      "role": "metadata"
    },
    {
      "id": "padron_current_catalogue",
      "url": "https://datos.madrid.es/dataset/200076-0-padron.rdf",
      "kind": "xml",
      "sha256": "5f5f9896845d67f50285db22ac10499e3e7b8cc1fa4619393a0b662900eec280",
      "snapshot_retrieved_at": "2026-10-02T09:33:47.471693+00:00",
      "approval_scope": "acquisition_snapshot_only",
      "bytes": 9911,
      "reviewed_by": "Codex acquisition inspection, 2026-10-02; not an analytical release approval",
      "license": null,
      "role": "metadata"
    },
    {
      "id": "padron_documentation",
      "url": "https://datos.madrid.es/dataset/200076-0-padron/resource/200076-3-padron/download/200076-3-padron.pdf",
      "kind": "pdf",
      "sha256": "e67f4086b6aaf38a0554d926de4ab63bc2df1e3037ecbffa150dada8038f8446",
      "snapshot_retrieved_at": "2026-10-02T09:33:47.917450+00:00",
      "approval_scope": "acquisition_snapshot_only",
      "bytes": 18641,
      "reviewed_by": "Codex acquisition inspection, 2026-10-02; not an analytical release approval",
      "license": null,
      "role": "metadata"
    },
    {
      "id": "mortality_dimensions",
      "url": "https://servicios.ine.es/wstempus/js/ES/VARIABLES_TABLA/27154",
      "kind": "json",
      "sha256": "7e2242d4c0373a49994a5cddf6f14abf29d1d838f2c0cdc01a6a01187d85c68d",
      "snapshot_retrieved_at": "2026-10-02T09:33:48.369943+00:00",
      "approval_scope": "acquisition_snapshot_only",
      "bytes": 176,
      "reviewed_by": "Codex acquisition inspection, 2026-10-02; not an analytical release approval",
      "license": null,
      "role": "mortality"
    },
    {
      "id": "mortality_table",
      "url": "https://www.ine.es/jaxiT3/files/t/es/csv_bdsc/27154.csv",
      "kind": "csv",
      "sha256": "fd450171cf12234e896c03203b28af774cc88efac16b231d51494fd1e9374342",
      "encoding": "utf-8-sig",
      "delimiter": ";",
      "age_resolution": "grouped",
      "snapshot_retrieved_at": "2026-10-02T09:40:43.797047+00:00",
      "approval_scope": "acquisition_snapshot_only",
      "bytes": 28153557,
      "reviewed_by": "Codex acquisition inspection, 2026-10-02; not an analytical release approval",
      "license": null,
      "role": "mortality"
    },
    {
      "id": "sections_2015",
      "url": "https://www.ine.es/prodyser/cartografia/seccionado_2015.zip",
      "kind": "zip",
      "sha256": "50dda58ed4afb57c7f1f38e6b6b8150768efaa225bfc3a523b9c210a2a218c03",
      "reference_year": 2015,
      "reference_date_status": "archive_layer_name",
      "snapshot_retrieved_at": "2026-10-02T09:33:50.604432+00:00",
      "approval_scope": "acquisition_snapshot_only",
      "reference_date": "2015-01-01",
      "boundary_review_status": "provisional_requires_review",
      "bytes": 63901341,
      "reviewed_by": "Codex acquisition inspection, 2026-10-02; not an analytical release approval",
      "license": null,
      "role": "geometry"
    },
    {
      "id": "sections_2025",
      "url": "https://www.ine.es/prodyser/cartografia/seccionado_2025.zip",
      "kind": "zip",
      "sha256": "55c9da7e34d3bb3cb725400c35b58e72f4db2ea8321ef91237a89e708d2dbcc4",
      "reference_year": 2025,
      "reference_date_status": "archive_layer_name",
      "snapshot_retrieved_at": "2026-10-02T09:35:23.210649+00:00",
      "approval_scope": "acquisition_snapshot_only",
      "reference_date": "2025-01-01",
      "boundary_review_status": "provisional_requires_review",
      "bytes": 60298555,
      "reviewed_by": "Codex acquisition inspection, 2026-10-02; not an analytical release approval",
      "license": null,
      "role": "geometry"
    },
    {
      "id": "padron_january_2024",
      "url": "https://datos.madrid.es/dataset/209163-0-padron-municipal-historico/resource/209163-202-padron-municipal-historico-csv/download/209163-202-padron-municipal-historico-csv.csv",
      "kind": "csv",
      "sha256": "58d42bbe86c035ab525606b6d42628df5863e0625d8dd7d650203008cf730bd0",
      "label": "Padrón municipal. Histórico. 2024. Enero",
      "reference_month": "2024-01",
      "reference_date": "2024-01-01",
      "reference_date_status": "documented_first_of_month",
      "encoding": "utf-8-sig",
      "delimiter": ";",
      "date_evidence_source": "padron_documentation",
      "snapshot_retrieved_at": "2026-10-02T09:37:32.830053+00:00",
      "approval_scope": "acquisition_snapshot_only",
      "bytes": 34017598,
      "reviewed_by": "Codex acquisition inspection, 2026-10-02; not an analytical release approval",
      "license": null,
      "role": "padron"
    },
    {
      "id": "padron_january_2022",
      "url": "https://datos.madrid.es/dataset/209163-0-padron-municipal-historico/resource/209163-203-padron-municipal-historico-csv/download/209163-203-padron-municipal-historico-csv.csv",
      "kind": "csv",
      "sha256": "23cf9c7fba8059282ca738b160ce75e5724049d791a6cc6af111f2b544e66031",
      "label": "Padrón municipal. Histórico. 2022. Enero",
      "reference_month": "2022-01",
      "reference_date": "2022-01-01",
      "reference_date_status": "documented_first_of_month",
      "encoding": "cp1252",
      "delimiter": ";",
      "date_evidence_source": "padron_documentation",
      "snapshot_retrieved_at": "2026-10-02T09:37:32.830858+00:00",
      "approval_scope": "acquisition_snapshot_only",
      "bytes": 22623905,
      "reviewed_by": "Codex acquisition inspection, 2026-10-02; not an analytical release approval",
      "license": null,
      "role": "padron"
    },
    {
      "id": "padron_january_2021",
      "url": "https://datos.madrid.es/dataset/209163-0-padron-municipal-historico/resource/209163-204-padron-municipal-historico-csv/download/209163-204-padron-municipal-historico-csv.csv",
      "kind": "csv",
      "sha256": "368c14766cbbcc96485a206dc8d6db4d8e0dc428cbcb0761628072c0797d8560",
      "label": "Padrón municipal. Histórico. 2021. Enero",
      "reference_month": "2021-01",
      "reference_date": "2021-01-01",
      "reference_date_status": "documented_first_of_month",
      "encoding": "cp1252",
      "delimiter": ";",
      "date_evidence_source": "padron_documentation",
      "snapshot_retrieved_at": "2026-10-02T09:37:32.831137+00:00",
      "approval_scope": "acquisition_snapshot_only",
      "bytes": 22859299,
      "reviewed_by": "Codex acquisition inspection, 2026-10-02; not an analytical release approval",
      "license": null,
      "role": "padron"
    },
    {
      "id": "padron_january_2020",
      "url": "https://datos.madrid.es/dataset/209163-0-padron-municipal-historico/resource/209163-205-padron-municipal-historico-csv/download/209163-205-padron-municipal-historico-csv.csv",
      "kind": "csv",
      "sha256": "ce7e52da240bc13e003fdd8aef234f0532a546fbb7eb633ec57f0a6c7d30919a",
      "label": "Padrón municipal. Histórico. 2020. Enero",
      "reference_month": "2020-01",
      "reference_date": "2020-01-01",
      "reference_date_status": "documented_first_of_month",
      "encoding": "cp1252",
      "delimiter": ";",
      "date_evidence_source": "padron_documentation",
      "snapshot_retrieved_at": "2026-10-02T09:37:32.831546+00:00",
      "approval_scope": "acquisition_snapshot_only",
      "bytes": 22565655,
      "reviewed_by": "Codex acquisition inspection, 2026-10-02; not an analytical release approval",
      "license": null,
      "role": "padron"
    },
    {
      "id": "padron_january_2018",
      "url": "https://datos.madrid.es/dataset/209163-0-padron-municipal-historico/resource/209163-206-padron-municipal-historico-csv/download/209163-206-padron-municipal-historico-csv.csv",
      "kind": "csv",
      "sha256": "703cfd909193415218ba9aab2d8933657f9c0b90de7d166ab1fec4055781b8d8",
      "label": "Padrón municipal. Histórico. 2018. Enero",
      "reference_month": "2018-01",
      "reference_date": "2018-01-01",
      "reference_date_status": "documented_first_of_month",
      "encoding": "utf-8-sig",
      "delimiter": ";",
      "date_evidence_source": "padron_documentation",
      "snapshot_retrieved_at": "2026-10-02T09:37:34.721512+00:00",
      "approval_scope": "acquisition_snapshot_only",
      "bytes": 12281671,
      "reviewed_by": "Codex acquisition inspection, 2026-10-02; not an analytical release approval",
      "license": null,
      "role": "padron"
    },
    {
      "id": "padron_january_2016",
      "url": "https://datos.madrid.es/dataset/209163-0-padron-municipal-historico/resource/209163-207-padron-municipal-historico-csv/download/209163-207-padron-municipal-historico-csv.csv",
      "kind": "csv",
      "sha256": "503d874bca4b7ec4c4bd50aa33a736b3f733828779737eeb37733d11c4079927",
      "label": "Padrón municipal. Histórico. 2016. Enero",
      "reference_month": "2016-01",
      "reference_date": "2016-01-01",
      "reference_date_status": "documented_first_of_month",
      "encoding": "cp1252",
      "delimiter": ";",
      "date_evidence_source": "padron_documentation",
      "snapshot_retrieved_at": "2026-10-02T09:37:34.934050+00:00",
      "approval_scope": "acquisition_snapshot_only",
      "bytes": 22143210,
      "reviewed_by": "Codex acquisition inspection, 2026-10-02; not an analytical release approval",
      "license": null,
      "role": "padron"
    },
    {
      "id": "padron_january_2015",
      "url": "https://datos.madrid.es/dataset/209163-0-padron-municipal-historico/resource/209163-208-padron-municipal-historico-csv/download/209163-208-padron-municipal-historico-csv.csv",
      "kind": "csv",
      "sha256": "d85d882dba32bfe79e5f520f14818b4ec31d4bf2dd4ef26e337df77cb439b65d",
      "label": "Padrón municipal. Histórico. 2015. Enero",
      "reference_month": "2015-01",
      "reference_date": "2015-01-01",
      "reference_date_status": "documented_first_of_month",
      "encoding": "utf-8-sig",
      "delimiter": ";",
      "date_evidence_source": "padron_documentation",
      "snapshot_retrieved_at": "2026-10-02T09:37:35.418934+00:00",
      "approval_scope": "acquisition_snapshot_only",
      "bytes": 22103270,
      "reviewed_by": "Codex acquisition inspection, 2026-10-02; not an analytical release approval",
      "license": null,
      "role": "padron"
    },
    {
      "id": "padron_january_2014",
      "url": "https://datos.madrid.es/dataset/209163-0-padron-municipal-historico/resource/209163-209-padron-municipal-historico-csv/download/209163-209-padron-municipal-historico-csv.csv",
      "kind": "csv",
      "sha256": "6a438d7eec853578bd4d15a1f3c8fee113094f66e182a6c413082e0b5e2ba07c",
      "label": "Padrón municipal. Histórico. 2014. Enero",
      "reference_month": "2014-01",
      "reference_date": "2014-01-01",
      "reference_date_status": "documented_first_of_month",
      "encoding": "utf-8-sig",
      "delimiter": ";",
      "date_evidence_source": "padron_documentation",
      "snapshot_retrieved_at": "2026-10-02T09:37:36.024373+00:00",
      "approval_scope": "acquisition_snapshot_only",
      "bytes": 22023969,
      "reviewed_by": "Codex acquisition inspection, 2026-10-02; not an analytical release approval",
      "license": null,
      "role": "padron"
    },
    {
      "id": "padron_january_2023",
      "url": "https://datos.madrid.es/dataset/209163-0-padron-municipal-historico/resource/209163-225-padron-municipal-historico-csv/download/209163-225-padron-municipal-historico-csv.csv",
      "kind": "csv",
      "sha256": "b7bf4192e49e96388e8769a551e3525d45cabcdb8d9a2929b7459e7234fdf0dc",
      "label": "Padrón municipal. Histórico. 2023. Enero",
      "reference_month": "2023-01",
      "reference_date": "2023-01-01",
      "reference_date_status": "documented_first_of_month",
      "encoding": "utf-8-sig",
      "delimiter": ";",
      "date_evidence_source": "padron_documentation",
      "snapshot_retrieved_at": "2026-10-02T09:37:36.838141+00:00",
      "approval_scope": "acquisition_snapshot_only",
      "bytes": 32977721,
      "reviewed_by": "Codex acquisition inspection, 2026-10-02; not an analytical release approval",
      "license": null,
      "role": "padron"
    },
    {
      "id": "padron_january_2017",
      "url": "https://datos.madrid.es/dataset/209163-0-padron-municipal-historico/resource/209163-258-padron-municipal-historico-csv/download/209163-258-padron-municipal-historico-csv.csv",
      "kind": "csv",
      "sha256": "851b55169f9e2fead96ce06c574848099efdaa8a5f9e816621c9cffd58544c8e",
      "label": "Padrón municipal. Histórico. 2017. Enero",
      "reference_month": "2017-01",
      "reference_date": "2017-01-01",
      "reference_date_status": "documented_first_of_month",
      "encoding": "cp1252",
      "delimiter": ";",
      "date_evidence_source": "padron_documentation",
      "snapshot_retrieved_at": "2026-10-02T09:37:37.145185+00:00",
      "approval_scope": "acquisition_snapshot_only",
      "bytes": 22191969,
      "reviewed_by": "Codex acquisition inspection, 2026-10-02; not an analytical release approval",
      "license": null,
      "role": "padron"
    },
    {
      "id": "padron_january_2019",
      "url": "https://datos.madrid.es/dataset/209163-0-padron-municipal-historico/resource/209163-267-padron-municipal-historico-csv/download/209163-267-padron-municipal-historico-csv.csv",
      "kind": "csv",
      "sha256": "c88a1451c3cb474e165ccd1ef664525cc3edbed17f919b57a73fcf0fc9f40d58",
      "label": "Padrón municipal. Histórico. 2019. Enero",
      "reference_month": "2019-01",
      "reference_date": "2019-01-01",
      "reference_date_status": "documented_first_of_month",
      "encoding": "cp1252",
      "delimiter": ";",
      "date_evidence_source": "padron_documentation",
      "snapshot_retrieved_at": "2026-10-02T09:37:38.029474+00:00",
      "approval_scope": "acquisition_snapshot_only",
      "bytes": 22487842,
      "reviewed_by": "Codex acquisition inspection, 2026-10-02; not an analytical release approval",
      "license": null,
      "role": "padron"
    },
    {
      "id": "padron_january_2025",
      "url": "https://datos.madrid.es/dataset/209163-0-padron-municipal-historico/resource/209163-296-padron-municipal-historico-csv/download/209163-296-padron-municipal-historico-csv.csv",
      "kind": "csv",
      "sha256": "65cded5a78c87f63d32c6b8860f061f58a4453bea87e747e849e0883d74b569a",
      "label": "Padrón municipal. Histórico. 2025. Enero",
      "reference_month": "2025-01",
      "reference_date": "2025-01-01",
      "reference_date_status": "documented_first_of_month",
      "encoding": "utf-8-sig",
      "delimiter": ";",
      "date_evidence_source": "padron_documentation",
      "snapshot_retrieved_at": "2026-10-02T09:37:38.331581+00:00",
      "approval_scope": "acquisition_snapshot_only",
      "bytes": 34244556,
      "reviewed_by": "Codex acquisition inspection, 2026-10-02; not an analytical release approval",
      "license": null,
      "role": "padron"
    },
    {
      "id": "mortality_series",
      "url": "https://servicios.ine.es/wstempus/js/ES/SERIES_TABLA/27154?tip=AM",
      "kind": "json",
      "sha256": "1e4fb5509c68eab13a9d52cbdb97a5f730901cde5023a358aee5bc149140c1a8",
      "snapshot_retrieved_at": "2026-10-02T09:40:43.798591+00:00",
      "approval_scope": "acquisition_snapshot_only",
      "bytes": 7610609,
      "reviewed_by": "Codex acquisition inspection, 2026-10-02; not an analytical release approval",
      "license": null,
      "role": "mortality"
    },
    {
      "id": "mortality_national_series",
      "url": "https://servicios.ine.es/wstempus/js/ES/SERIES_TABLA/27153?tip=AM",
      "kind": "json",
      "sha256": "9bef3f1d0d60ab98268d4d2be8e5ad0d847c0cbea8c0091f78f4a55ba46b3997",
      "snapshot_retrieved_at": "2026-10-02T09:40:43.798702+00:00",
      "approval_scope": "acquisition_snapshot_only",
      "bytes": 1774358,
      "reviewed_by": "Codex acquisition inspection, 2026-10-02; not an analytical release approval",
      "license": null,
      "role": "mortality"
    },
    {
      "id": "mortality_national_table",
      "url": "https://www.ine.es/jaxiT3/files/t/es/csv_bdsc/27153.csv",
      "kind": "csv",
      "sha256": "56b8eb106efe6e705a1797e3968afc812271a3f29e7aca169a3aa3cb41e5ea6d",
      "encoding": "utf-8-sig",
      "delimiter": ";",
      "region": "Spain",
      "age_resolution": "single_age_with_100_plus",
      "snapshot_retrieved_at": "2026-10-02T09:40:43.799082+00:00",
      "approval_scope": "acquisition_snapshot_only",
      "bytes": 4838098,
      "reviewed_by": "Codex acquisition inspection, 2026-10-02; not an analytical release approval",
      "license": null,
      "role": "mortality"
    },
    {
      "id": "mortality_collection",
      "url": "https://www.ine.es/dyngs/INEbase/es/operacion.htm?c=Estadistica_C&cid=1254736177004&menu=resultados&idp=1254735573002",
      "kind": "html",
      "sha256": "3cc431f3b481c419dd9dc7dd31bdad198257e48fb10141f9da603ebe5b22d779",
      "snapshot_retrieved_at": "2026-10-02T09:40:52.687635+00:00",
      "approval_scope": "acquisition_snapshot_only",
      "bytes": 32309,
      "reviewed_by": "Codex acquisition inspection, 2026-10-02; not an analytical release approval",
      "license": null,
      "role": "mortality"
    },
    {
      "id": "ine_approved_population",
      "url": "https://www.ine.es/jaxiT3/files/t/es/csv_bdsc/2881.csv",
      "kind": "csv",
      "encoding": "utf-8-sig",
      "delimiter": ";",
      "series_semantics": "legally_approved_padron_population",
      "sha256": "6b4e89a8733244c799fed59ad15784aed948fc4cb68b25072c77a1477f83dd3c",
      "snapshot_retrieved_at": "2026-10-02T10:44:51.053165+00:00",
      "approval_scope": "acquisition_snapshot_only",
      "bytes": 654362,
      "reviewed_by": "Codex acquisition inspection, 2026-10-02; not an analytical release approval",
      "license": null,
      "role": "independent-control"
    },
    {
      "id": "municipal_methodology",
      "url": "https://www.madrid.es/UnidadesDescentralizadas/UDCEstadistica/Nuevaweb/Demograf%C3%ADa%20y%20poblaci%C3%B3n/Cifras%20de%20poblaci%C3%B3n/PMH/NOTAS%20METODOL%C3%93GICAS%20PMH%20AYUNTAMIENTO%20DE%20MADRID.pdf",
      "kind": "pdf",
      "sha256": "849b5997bb508e179c276a9cdb5aae6825e37048e9827826d644202f1406adff",
      "snapshot_retrieved_at": "2026-10-02T10:44:53.954227+00:00",
      "approval_scope": "acquisition_snapshot_only",
      "bytes": 465732,
      "reviewed_by": "Codex acquisition inspection, 2026-10-02; not an analytical release approval",
      "license": null,
      "role": "metadata"
    },
    {
      "id": "municipal_publications",
      "url": "https://www.madrid.es/portales/munimadrid/es/Inicio/El-Ayuntamiento/Estadistica/Areas-de-informacion-estadistica/Demografia-y-poblacion/Cifras-de-poblacion/Padron-Municipal-de-Habitantes-explotacion-estadistica-/?vgnextfmt=default&vgnextoid=e5613f8b73639210VgnVCM1000000b205a0aRCRD&vgnextchannel=a4eba53620e1a210VgnVCM1000000b205a0aRCRD",
      "kind": "html",
      "sha256": "5dd82807e5fa22f02713d57ae576ddd161307326eb8b7d0b70eb48982b5224cf",
      "snapshot_retrieved_at": "2026-10-02T10:44:54.281080+00:00",
      "approval_scope": "acquisition_snapshot_only",
      "bytes": 194227,
      "reviewed_by": "Codex acquisition inspection, 2026-10-02; not an analytical release approval",
      "license": null,
      "role": "metadata"
    },
    {
      "id": "municipal_section_totals_2009_2019",
      "url": "https://servpub.madrid.es/CSEBD_WBINTER/descargarArchivoSerieDesdeArbol.html?numSerie=0302010300061",
      "kind": "zip",
      "sha256": "0ce72668d9f3d8ea8e38c8cf0a65b0507c173e0a869d008816e2767acc067b0f",
      "snapshot_retrieved_at": "2026-10-02T10:55:45.452524+00:00",
      "approval_scope": "acquisition_snapshot_only",
      "payload_format": "xlsx",
      "series_semantics": "annual_revised_municipal_padron_statistical_extract",
      "bytes": 2393853,
      "reviewed_by": "Codex acquisition inspection, 2026-10-02; not an analytical release approval",
      "license": null,
      "role": "independent-control"
    },
    {
      "id": "municipal_section_totals_2020_2026",
      "url": "https://servpub.madrid.es/CSEBD_WBINTER/descargarArchivoSerieDesdeArbol.html?numSerie=0302010300062",
      "kind": "zip",
      "sha256": "2f2a8ee403c62bdc40a1795e3e5ee2de8146266b9c498992866cf0ae5a5339fb",
      "snapshot_retrieved_at": "2026-10-02T10:55:45.453267+00:00",
      "approval_scope": "acquisition_snapshot_only",
      "payload_format": "xlsx",
      "series_semantics": "annual_revised_municipal_padron_statistical_extract",
      "bytes": 1606741,
      "reviewed_by": "Codex acquisition inspection, 2026-10-02; not an analytical release approval",
      "license": null,
      "role": "independent-control"
    },
    {
      "id": "padron_january_2015_txt",
      "url": "https://datos.madrid.es/dataset/209163-0-padron-municipal-historico/resource/209163-215-padron-municipal-historico-txt/download/209163-215-padron-municipal-historico-txt.txt",
      "kind": "csv",
      "sha256": "e183ee6bb49ce5211828342360691fedde279baaf0aa9e73e3388b1e55c86ba0",
      "snapshot_retrieved_at": "2026-10-02T11:24:21.559611+00:00",
      "encoding": "utf-8",
      "delimiter": "\t",
      "reference_date": "2015-01-01",
      "approval_scope": "acquisition_snapshot_only",
      "bytes": 16511414,
      "reviewed_by": "Codex acquisition inspection, 2026-10-02; not an analytical release approval",
      "license": null,
      "role": "padron"
    }
  ],
  "status": "acquisition-snapshots-verified-analytical-gates-unresolved"
}
